
Microsoft Visual Studio Solution File, Format Version 12.00
Project("{FAE04EC0-301F-11D3-BF4B-00C04F79EFBC}") = "PracticeApp", "PracticeApp\PracticeApp.csproj", "{A963C9BA-A960-4D2B-9FC5-2042767716B1}"
EndProject
Global
	GlobalSection(SolutionConfigurationPlatforms) = preSolution
		Debug|Any CPU = Debug|Any CPU
		Release|Any CPU = Release|Any CPU
	EndGlobalSection
	GlobalSection(ProjectConfigurationPlatforms) = postSolution
		{A963C9BA-A960-4D2B-9FC5-2042767716B1}.Debug|Any CPU.ActiveCfg = Debug|Any CPU
		{A963C9BA-A960-4D2B-9FC5-2042767716B1}.Debug|Any CPU.Build.0 = Debug|Any CPU
		{A963C9BA-A960-4D2B-9FC5-2042767716B1}.Release|Any CPU.ActiveCfg = Release|Any CPU
		{A963C9BA-A960-4D2B-9FC5-2042767716B1}.Release|Any CPU.Build.0 = Release|Any CPU
	EndGlobalSection
EndGlobal
